
Microsoft Visual Studio Solution File, Format Version 12.00
# Visual Studio Version 17
VisualStudioVersion = 17.2.32516.85
MinimumVisualStudioVersion = 10.0.40219.1
Project("{9A19103F-16F7-4668-BE54-9A1E7A4F7556}") = "Spendy", "Spendy\Spendy.csproj", "{2F9DCC0C-903B-4F4D-99A0-4F8D94614232}"
EndProject
Project("{9A19103F-16F7-4668-BE54-9A1E7A4F7556}") = "TrueLayer.API", "TrueLayer.API\TrueLayer.API.csproj", "{B335C058-09AA-4303-9341-0DEC3047D2A7}"
EndProject
Project("{9A19103F-16F7-4668-BE54-9A1E7A4F7556}") = "Spendy.Data", "Spendy.Data\Spendy.Data.csproj", "{63A07930-EC3D-4D21-846C-6F2DC8C407B3}"
EndProject
Project("{2150E333-8FDC-42A3-9474-1A3956D46DE8}") = "Solution Items", "Solution Items", "{FFA648C0-6C75-43B6-971E-68F38471FBA4}"
	ProjectSection(SolutionItems) = preProject
		README.md = README.md
	EndProjectSection
EndProject
Global
	GlobalSection(SolutionConfigurationPlatforms) = preSolution
		Debug|Any CPU = Debug|Any CPU
		Release|Any CPU = Release|Any CPU
	EndGlobalSection
	GlobalSection(ProjectConfigurationPlatforms) = postSolution
		{2F9DCC0C-903B-4F4D-99A0-4F8D94614232}.Debug|Any CPU.ActiveCfg = Debug|Any CPU
		{2F9DCC0C-903B-4F4D-99A0-4F8D94614232}.Debug|Any CPU.Build.0 = Debug|Any CPU
		{2F9DCC0C-903B-4F4D-99A0-4F8D94614232}.Release|Any CPU.ActiveCfg = Release|Any CPU
		{2F9DCC0C-903B-4F4D-99A0-4F8D94614232}.Release|Any CPU.Build.0 = Release|Any CPU
		{B335C058-09AA-4303-9341-0DEC3047D2A7}.Debug|Any CPU.ActiveCfg = Debug|Any CPU
		{B335C058-09AA-4303-9341-0DEC3047D2A7}.Debug|Any CPU.Build.0 = Debug|Any CPU
		{B335C058-09AA-4303-9341-0DEC3047D2A7}.Release|Any CPU.ActiveCfg = Release|Any CPU
		{B335C058-09AA-4303-9341-0DEC3047D2A7}.Release|Any CPU.Build.0 = Release|Any CPU
		{63A07930-EC3D-4D21-846C-6F2DC8C407B3}.Debug|Any CPU.ActiveCfg = Debug|Any CPU
		{63A07930-EC3D-4D21-846C-6F2DC8C407B3}.Debug|Any CPU.Build.0 = Debug|Any CPU
		{63A07930-EC3D-4D21-846C-6F2DC8C407B3}.Release|Any CPU.ActiveCfg = Release|Any CPU
		{63A07930-EC3D-4D21-846C-6F2DC8C407B3}.Release|Any CPU.Build.0 = Release|Any CPU
	EndGlobalSection
	GlobalSection(SolutionProperties) = preSolution
		HideSolutionNode = FALSE
	EndGlobalSection
	GlobalSection(ExtensibilityGlobals) = postSolution
		SolutionGuid = {6D4A1C3E-B4A6-4DC2-9675-7833A9338949}
	EndGlobalSection
EndGlobal
